
Microsoft Visual Studio Solution File, Format Version 12.00
# Visual Studio Version 16
VisualStudioVersion = 16.0.29519.87
MinimumVisualStudioVersion = 10.0.40219.1
Project("{E24C65DC-7377-472B-9ABA-BC803B73C61A}") = "tsStoreNPM", ".", "{DBE2D8ED-2B83-496B-A6EA-4487879E3824}"
	ProjectSection(WebsiteProperties) = preProject
		TargetFrameworkMoniker = ".NETFramework,Version%3Dv4.0"
		Debug.AspNetCompiler.VirtualPath = "/localhost_65410"
		Debug.AspNetCompiler.PhysicalPath = "D:\Projects\tsStoreNPM\"
		Debug.AspNetCompiler.TargetPath = "PrecompiledWeb\localhost_65410\"
		Debug.AspNetCompiler.Updateable = "true"
		Debug.AspNetCompiler.ForceOverwrite = "true"
		Debug.AspNetCompiler.FixedNames = "false"
		Debug.AspNetCompiler.Debug = "True"
		Release.AspNetCompiler.VirtualPath = "/localhost_65410"
		Release.AspNetCompiler.PhysicalPath = "D:\Projects\tsStoreNPM\"
		Release.AspNetCompiler.TargetPath = "PrecompiledWeb\localhost_65410\"
		Release.AspNetCompiler.Updateable = "true"
		Release.AspNetCompiler.ForceOverwrite = "true"
		Release.AspNetCompiler.FixedNames = "false"
		Release.AspNetCompiler.Debug = "False"
		VWDPort = "65410"
	EndProjectSection
EndProject
Global
	GlobalSection(SolutionConfigurationPlatforms) = preSolution
		Debug|Any CPU = Debug|Any CPU
	EndGlobalSection
	GlobalSection(ProjectConfigurationPlatforms) = postSolution
		{DBE2D8ED-2B83-496B-A6EA-4487879E3824}.Debug|Any CPU.ActiveCfg = Debug|Any CPU
		{DBE2D8ED-2B83-496B-A6EA-4487879E3824}.Debug|Any CPU.Build.0 = Debug|Any CPU
	EndGlobalSection
	GlobalSection(SolutionProperties) = preSolution
		HideSolutionNode = FALSE
	EndGlobalSection
	GlobalSection(ExtensibilityGlobals) = postSolution
		SolutionGuid = {5BED7E37-75F1-4407-B35C-A377B7622047}
	EndGlobalSection
EndGlobal
